// !$*UTF8*$!
{
	archiveVersion = 1;
	classes = {
	};
	objectVersion = 46;
	objects = {

/* Begin PBXBuildFile section */
		330FBB7416E96BAB000EA08C /* UIKit.framework in Frameworks */ = {isa = PBXBuildFile; fileRef = 330FBB7316E96BAB000EA08C /* UIKit.framework */; };
		330FBB7616E96BAB000EA08C /* Foundation.framework in Frameworks */ = {isa = PBXBuildFile; fileRef = 330FBB7516E96BAB000EA08C /* Foundation.framework */; };
		330FBB7816E96BAB000EA08C /* CoreGraphics.framework in Frameworks */ = {isa = PBXBuildFile; fileRef = 330FBB7716E96BAB000EA08C /* CoreGraphics.framework */; };
		330FBB7E16E96BAB000EA08C /* InfoPlist.strings in Resources */ = {isa = PBXBuildFile; fileRef = 330FBB7C16E96BAB000EA08C /* InfoPlist.strings */; };
		330FBB8016E96BAB000EA08C /* main.m in Sources */ = {isa = PBXBuildFile; fileRef = 330FBB7F16E96BAB000EA08C /* main.m */; };
		330FBB8416E96BAB000EA08C /* AppDelegate.m in Sources */ = {isa = PBXBuildFile; fileRef = 330FBB8316E96BAB000EA08C /* AppDelegate.m */; };
		330FBB8616E96BAB000EA08C /* Default.png in Resources */ = {isa = PBXBuildFile; fileRef = 330FBB8516E96BAB000EA08C /* Default.png */; };
		330FBB8816E96BAB000EA08C /* Default@2x.png in Resources */ = {isa = PBXBuildFile; fileRef = 330FBB8716E96BAB000EA08C /* Default@2x.png */; };
		330FBB8A16E96BAB000EA08C /* Default-568h@2x.png in Resources */ = {isa = PBXBuildFile; fileRef = 330FBB8916E96BAB000EA08C /* Default-568h@2x.png */; };
		330FBB8D16E96BAB000EA08C /* MainStoryboard_iPhone.storyboard in Resources */ = {isa = PBXBuildFile; fileRef = 330FBB8B16E96BAB000EA08C /* MainStoryboard_iPhone.storyboard */; };
		330FBB9016E96BAB000EA08C /* MainStoryboard_iPad.storyboard in Resources */ = {isa = PBXBuildFile; fileRef = 330FBB8E16E96BAB000EA08C /* MainStoryboard_iPad.storyboard */; };
		330FBB9316E96BAB000EA08C /* ViewController.m in Sources */ = {isa = PBXBuildFile; fileRef = 330FBB9216E96BAB000EA08C /* ViewController.m */; };
/* End PBXBuildFile section */

/* Begin PBXFileReference section */
		330FBB6F16E96BAB000EA08C /* CoreDataSPot.app */ = {isa = PBXFileReference; explicitFileType = wrapper.application; includeInIndex = 0; path = CoreDataSPot.app; sourceTree = BUILT_PRODUCTS_DIR; };
		330FBB7316E96BAB000EA08C /* UIKit.framework */ = {isa = PBXFileReference; lastKnownFileType = wrapper.framework; name = UIKit.framework; path = System/Library/Frameworks/UIKit.framework; sourceTree = SDKROOT; };
		330FBB7516E96BAB000EA08C /* Foundation.framework */ = {isa = PBXFileReference; lastKnownFileType = wrapper.framework; name = Foundation.framework; path = System/Library/Frameworks/Foundation.framework; sourceTree = SDKROOT; };
		330FBB7716E96BAB000EA08C /* CoreGraphics.framework */ = {isa = PBXFileReference; lastKnownFileType = wrapper.framework; name = CoreGraphics.framework; path = System/Library/Frameworks/CoreGraphics.framework; sourceTree = SDKROOT; };
		330FBB7B16E96BAB000EA08C /* CoreDataSPot-Info.plist */ = {isa = PBXFileReference; lastKnownFileType = text.plist.xml; path = "CoreDataSPot-Info.plist"; sourceTree = "<group>"; };
		330FBB7D16E96BAB000EA08C /* en */ = {isa = PBXFileReference; lastKnownFileType = text.plist.strings; name = en; path = en.lproj/InfoPlist.strings; sourceTree = "<group>"; };
		330FBB7F16E96BAB000EA08C /* main.m */ = {isa = PBXFileReference; lastKnownFileType = sourcecode.c.objc; path = main.m; sourceTree = "<group>"; };
		330FBB8116E96BAB000EA08C /* CoreDataSPot-Prefix.pch */ = {isa = PBXFileReference; lastKnownFileType = sourcecode.c.h; path = "CoreDataSPot-Prefix.pch"; sourceTree = "<group>"; };
		330FBB8216E96BAB000EA08C /* AppDelegate.h */ = {isa = PBXFileReference; lastKnownFileType = sourcecode.c.h; path = AppDelegate.h; sourceTree = "<group>"; };
		330FBB8316E96BAB000EA08C /* AppDelegate.m */ = {isa = PBXFileReference; lastKnownFileType = sourcecode.c.objc; path = AppDelegate.m; sourceTree = "<group>"; };
		330FBB8516E96BAB000EA08C /* Default.png */ = {isa = PBXFileReference; lastKnownFileType = image.png; path = Default.png; sourceTree = "<group>"; };
		330FBB8716E96BAB000EA08C /* Default@2x.png */ = {isa = PBXFileReference; lastKnownFileType = image.png; path = "Default@2x.png"; sourceTree = "<group>"; };
		330FBB8916E96BAB000EA08C /* Default-568h@2x.png */ = {isa = PBXFileReference; lastKnownFileType = image.png; path = "Default-568h@2x.png"; sourceTree = "<group>"; };
		330FBB8C16E96BAB000EA08C /* en */ = {isa = PBXFileReference; lastKnownFileType = file.storyboard; name = en; path = en.lproj/MainStoryboard_iPhone.storyboard; sourceTree = "<group>"; };
		330FBB8F16E96BAB000EA08C /* en */ = {isa = PBXFileReference; lastKnownFileType = file.storyboard; name = en; path = en.lproj/MainStoryboard_iPad.storyboard; sourceTree = "<group>"; };
		330FBB9116E96BAB000EA08C /* ViewController.h */ = {isa = PBXFileReference; lastKnownFileType = sourcecode.c.h; path = ViewController.h; sourceTree = "<group>"; };
		330FBB9216E96BAB000EA08C /* ViewController.m */ = {isa = PBXFileReference; lastKnownFileType = sourcecode.c.objc; path = ViewController.m; sourceTree = "<group>"; };
/* End PBXFileReference section */

/* Begin PBXFrameworksBuildPhase section */
		330FBB6C16E96BAB000EA08C /* Frameworks */ = {
			isa = PBXFrameworksBuildPhase;
			buildActionMask = 2147483647;
			files = (
				330FBB7416E96BAB000EA08C /* UIKit.framework in Frameworks */,
				330FBB7616E96BAB000EA08C /* Foundation.framework in Frameworks */,
				330FBB7816E96BAB000EA08C /* CoreGraphics.framework in Frameworks */,
			);
			runOnlyForDeploymentPostprocessing = 0;
		};
/* End PBXFrameworksBuildPhase section */

/* Begin PBXGroup section */
		330FBB6416E96BAB000EA08C = {
			isa = PBXGroup;
			children = (
				330FBB7916E96BAB000EA08C /* CoreDataSPot */,
				330FBB7216E96BAB000EA08C /* Frameworks */,
				330FBB7016E96BAB000EA08C /* Products */,
			);
			sourceTree = "<group>";
		};
		330FBB7016E96BAB000EA08C /* Products */ = {
			isa = PBXGroup;
			children = (
				330FBB6F16E96BAB000EA08C /* CoreDataSPot.app */,
			);
			name = Products;
			sourceTree = "<group>";
		};
		330FBB7216E96BAB000EA08C /* Frameworks */ = {
			isa = PBXGroup;
			children = (
				330FBB7316E96BAB000EA08C /* UIKit.framework */,
				330FBB7516E96BAB000EA08C /* Foundation.framework */,
				330FBB7716E96BAB000EA08C /* CoreGraphics.framework */,
			);
			name = Frameworks;
			sourceTree = "<group>";
		};
		330FBB7916E96BAB000EA08C /* CoreDataSPot */ = {
			isa = PBXGroup;
			children = (
				330FBB8216E96BAB000EA08C /* AppDelegate.h */,
				330FBB8316E96BAB000EA08C /* AppDelegate.m */,
				330FBB8B16E96BAB000EA08C /* MainStoryboard_iPhone.storyboard */,
				330FBB8E16E96BAB000EA08C /* MainStoryboard_iPad.storyboard */,
				330FBB9116E96BAB000EA08C /* ViewController.h */,
				330FBB9216E96BAB000EA08C /* ViewController.m */,
				330FBB7A16E96BAB000EA08C /* Supporting Files */,
			);
			path = CoreDataSPot;
			sourceTree = "<group>";
		};
		330FBB7A16E96BAB000EA08C /* Supporting Files */ = {
			isa = PBXGroup;
			children = (
				330FBB7B16E96BAB000EA08C /* CoreDataSPot-Info.plist */,
				330FBB7C16E96BAB000EA08C /* InfoPlist.strings */,
				330FBB7F16E96BAB000EA08C /* main.m */,
				330FBB8116E96BAB000EA08C /* CoreDataSPot-Prefix.pch */,
				330FBB8516E96BAB000EA08C /* Default.png */,
				330FBB8716E96BAB000EA08C /* Default@2x.png */,
				330FBB8916E96BAB000EA08C /* Default-568h@2x.png */,
			);
			name = "Supporting Files";
			sourceTree = "<group>";
		};
/* End PBXGroup section */

/* Begin PBXNativeTarget section */
		330FBB6E16E96BAB000EA08C /* CoreDataSPot */ = {
			isa = PBXNativeTarget;
			buildConfigurationList = 330FBB9616E96BAB000EA08C /* Build configuration list for PBXNativeTarget "CoreDataSPot" */;
			buildPhases = (
				330FBB6B16E96BAB000EA08C /* Sources */,
				330FBB6C16E96BAB000EA08C /* Frameworks */,
				330FBB6D16E96BAB000EA08C /* Resources */,
			);
			buildRules = (
			);
			dependencies = (
			);
			name = CoreDataSPot;
			productName = CoreDataSPot;
			productReference = 330FBB6F16E96BAB000EA08C /* CoreDataSPot.app */;
			productType = "com.apple.product-type.application";
		};
/* End PBXNativeTarget section */

/* Begin PBXProject section */
		330FBB6616E96BAB000EA08C /* Project object */ = {
			isa = PBXProject;
			attributes = {
				LastUpgradeCheck = 0450;
				ORGANIZATIONNAME = Pyrogusto;
			};
			buildConfigurationList = 330FBB6916E96BAB000EA08C /* Build configuration list for PBXProject "CoreDataSPot" */;
			compatibilityVersion = "Xcode 3.2";
			developmentRegion = English;
			hasScannedForEncodings = 0;
			knownRegions = (
				en,
			);
			mainGroup = 330FBB6416E96BAB000EA08C;
			productRefGroup = 330FBB7016E96BAB000EA08C /* Products */;
			projectDirPath = "";
			projectRoot = "";
			targets = (
				330FBB6E16E96BAB000EA08C /* CoreDataSPot */,
			);
		};
/* End PBXProject section */

/* Begin PBXResourcesBuildPhase section */
		330FBB6D16E96BAB000EA08C /* Resources */ = {
			isa = PBXResourcesBuildPhase;
			buildActionMask = 2147483647;
			files = (
				330FBB7E16E96BAB000EA08C /* InfoPlist.strings in Resources */,
				330FBB8616E96BAB000EA08C /* Default.png in Resources */,
				330FBB8816E96BAB000EA08C /* Default@2x.png in Resources */,
				330FBB8A16E96BAB000EA08C /* Default-568h@2x.png in Resources */,
				330FBB8D16E96BAB000EA08C /* MainStoryboard_iPhone.storyboard in Resources */,
				330FBB9016E96BAB000EA08C /* MainStoryboard_iPad.storyboard in Resources */,
			);
			runOnlyForDeploymentPostprocessing = 0;
		};
/* End PBXResourcesBuildPhase section */

/* Begin PBXSourcesBuildPhase section */
		330FBB6B16E96BAB000EA08C /* Sources */ = {
			isa = PBXSourcesBuildPhase;
			buildActionMask = 2147483647;
			files = (
				330FBB8016E96BAB000EA08C /* main.m in Sources */,
				330FBB8416E96BAB000EA08C /* AppDelegate.m in Sources */,
				330FBB9316E96BAB000EA08C /* ViewController.m in Sources */,
			);
			runOnlyForDeploymentPostprocessing = 0;
		};
/* End PBXSourcesBuildPhase section */

/* Begin PBXVariantGroup section */
		330FBB7C16E96BAB000EA08C /* InfoPlist.strings */ = {
			isa = PBXVariantGroup;
			children = (
				330FBB7D16E96BAB000EA08C /* en */,
			);
			name = InfoPlist.strings;
			sourceTree = "<group>";
		};
		330FBB8B16E96BAB000EA08C /* MainStoryboard_iPhone.storyboard */ = {
			isa = PBXVariantGroup;
			children = (
				330FBB8C16E96BAB000EA08C /* en */,
			);
			name = MainStoryboard_iPhone.storyboard;
			sourceTree = "<group>";
		};
		330FBB8E16E96BAB000EA08C /* MainStoryboard_iPad.storyboard */ = {
			isa = PBXVariantGroup;
			children = (
				330FBB8F16E96BAB000EA08C /* en */,
			);
			name = MainStoryboard_iPad.storyboard;
			sourceTree = "<group>";
		};
/* End PBXVariantGroup section */

/* Begin XCBuildConfiguration section */
		330FBB9416E96BAB000EA08C /* Debug */ = {
			isa = XCBuildConfiguration;
			buildSettings = {
				ALWAYS_SEARCH_USER_PATHS = NO;
				CLANG_CXX_LANGUAGE_STANDARD = "gnu++0x";
				CLANG_CXX_LIBRARY = "libc++";
				CLANG_ENABLE_OBJC_ARC = YES;
				CLANG_WARN_EMPTY_BODY = YES;
				CLANG_WARN__DUPLICATE_METHOD_MATCH = YES;
				"CODE_SIGN_IDENTITY[sdk=iphoneos*]" = "iPhone Developer";
				COPY_PHASE_STRIP = NO;
				GCC_C_LANGUAGE_STANDARD = gnu99;
				GCC_DYNAMIC_NO_PIC = NO;
				GCC_OPTIMIZATION_LEVEL = 0;
				GCC_PREPROCESSOR_DEFINITIONS = (
					"DEBUG=1",
					"$(inherited)",
				);
				GCC_SYMBOLS_PRIVATE_EXTERN = NO;
				GCC_WARN_ABOUT_RETURN_TYPE = YES;
				GCC_WARN_UNINITIALIZED_AUTOS = YES;
				GCC_WARN_UNUSED_VARIABLE = YES;
				IPHONEOS_DEPLOYMENT_TARGET = 6.0;
				ONLY_ACTIVE_ARCH = YES;
				SDKROOT = iphoneos;
				TARGETED_DEVICE_FAMILY = "1,2";
			};
			name = Debug;
		};
		330FBB9516E96BAB000EA08C /* Release */ = {
			isa = XCBuildConfiguration;
			buildSettings = {
				ALWAYS_SEARCH_USER_PATHS = NO;
				CLANG_CXX_LANGUAGE_STANDARD = "gnu++0x";
				CLANG_CXX_LIBRARY = "libc++";
				CLANG_ENABLE_OBJC_ARC = YES;
				CLANG_WARN_EMPTY_BODY = YES;
				CLANG_WARN__DUPLICATE_METHOD_MATCH = YES;
				"CODE_SIGN_IDENTITY[sdk=iphoneos*]" = "iPhone Developer";
				COPY_PHASE_STRIP = YES;
				GCC_C_LANGUAGE_STANDARD = gnu99;
				GCC_WARN_ABOUT_RETURN_TYPE = YES;
				GCC_WARN_UNINITIALIZED_AUTOS = YES;
				GCC_WARN_UNUSED_VARIABLE = YES;
				IPHONEOS_DEPLOYMENT_TARGET = 6.0;
				OTHER_CFLAGS = "-DNS_BLOCK_ASSERTIONS=1";
				SDKROOT = iphoneos;
				TARGETED_DEVICE_FAMILY = "1,2";
				VALIDATE_PRODUCT = YES;
			};
			name = Release;
		};
		330FBB9716E96BAB000EA08C /* Debug */ = {
			isa = XCBuildConfiguration;
			buildSettings = {
				GCC_PRECOMPILE_PREFIX_HEADER = YES;
				GCC_PREFIX_HEADER = "CoreDataSPot/CoreDataSPot-Prefix.pch";
				INFOPLIST_FILE = "CoreDataSPot/CoreDataSPot-Info.plist";
				PRODUCT_NAME = "$(TARGET_NAME)";
				WRAPPER_EXTENSION = app;
			};
			name = Debug;
		};
		330FBB9816E96BAB000EA08C /* Release */ = {
			isa = XCBuildConfiguration;
			buildSettings = {
				GCC_PRECOMPILE_PREFIX_HEADER = YES;
				GCC_PREFIX_HEADER = "CoreDataSPot/CoreDataSPot-Prefix.pch";
				INFOPLIST_FILE = "CoreDataSPot/CoreDataSPot-Info.plist";
				PRODUCT_NAME = "$(TARGET_NAME)";
				WRAPPER_EXTENSION = app;
			};
			name = Release;
		};
/* End XCBuildConfiguration section */

/* Begin XCConfigurationList section */
		330FBB6916E96BAB000EA08C /* Build configuration list for PBXProject "CoreDataSPot" */ = {
			isa = XCConfigurationList;
			buildConfigurations = (
				330FBB9416E96BAB000EA08C /* Debug */,
				330FBB9516E96BAB000EA08C /* Release */,
			);
			defaultConfigurationIsVisible = 0;
			defaultConfigurationName = Release;
		};
		330FBB9616E96BAB000EA08C /* Build configuration list for PBXNativeTarget "CoreDataSPot" */ = {
			isa = XCConfigurationList;
			buildConfigurations = (
				330FBB9716E96BAB000EA08C /* Debug */,
				330FBB9816E96BAB000EA08C /* Release */,
			);
			defaultConfigurationIsVisible = 0;
		};
/* End XCConfigurationList section */
	};
	rootObject = 330FBB6616E96BAB000EA08C /* Project object */;
}
