// !$*UTF8*$!
{
	archiveVersion = 1;
	classes = {
	};
	objectVersion = 46;
	objects = {

/* Begin PBXBuildFile section */
		330FBB7416E96BAB000EA08C /* UIKit.framework in Frameworks */ = {isa = PBXBuildFile; fileRef = 330FBB7316E96BAB000EA08C /* UIKit.framework */; };
		330FBB7616E96BAB000EA08C /* Foundation.framework in Frameworks */ = {isa = PBXBuildFile; fileRef = 330FBB7516E96BAB000EA08C /* Foundation.framework */; };
		330FBB7816E96BAB000EA08C /* CoreGraphics.framework in Frameworks */ = {isa = PBXBuildFile; fileRef = 330FBB7716E96BAB000EA08C /* CoreGraphics.framework */; };
		330FBB7E16E96BAB000EA08C /* InfoPlist.strings in Resources */ = {isa = PBXBuildFile; fileRef = 330FBB7C16E96BAB000EA08C /* InfoPlist.strings */; };
		330FBB8016E96BAB000EA08C /* main.m in Sources */ = {isa = PBXBuildFile; fileRef = 330FBB7F16E96BAB000EA08C /* main.m */; };
		330FBB8416E96BAB000EA08C /* AppDelegate.m in Sources */ = {isa = PBXBuildFile; fileRef = 330FBB8316E96BAB000EA08C /* AppDelegate.m */; };
		330FBB8616E96BAB000EA08C /* Default.png in Resources */ = {isa = PBXBuildFile; fileRef = 330FBB8516E96BAB000EA08C /* Default.png */; };
		330FBB8816E96BAB000EA08C /* Default@2x.png in Resources */ = {isa = PBXBuildFile; fileRef = 330FBB8716E96BAB000EA08C /* Default@2x.png */; };
		330FBB8A16E96BAB000EA08C /* Default-568h@2x.png in Resources */ = {isa = PBXBuildFile; fileRef = 330FBB8916E96BAB000EA08C /* Default-568h@2x.png */; };
		330FBBA916E96CA5000EA08C /* FlickrFetcher.m in Sources */ = {isa = PBXBuildFile; fileRef = 330FBBA816E96CA5000EA08C /* FlickrFetcher.m */; };
		330FBBAB16E96D63000EA08C /* StoryboardiPhone.storyboard in Resources */ = {isa = PBXBuildFile; fileRef = 330FBBAA16E96D63000EA08C /* StoryboardiPhone.storyboard */; };
		330FBBAE16E96D80000EA08C /* Model.xcdatamodeld in Sources */ = {isa = PBXBuildFile; fileRef = 330FBBAC16E96D80000EA08C /* Model.xcdatamodeld */; };
		330FBBC516E97202000EA08C /* CoreData.framework in Frameworks */ = {isa = PBXBuildFile; fileRef = 330FBBC416E97202000EA08C /* CoreData.framework */; };
		330FBBC816E9726A000EA08C /* CoreDataHelper.m in Sources */ = {isa = PBXBuildFile; fileRef = 330FBBC716E9726A000EA08C /* CoreDataHelper.m */; };
		330FBBD716E977ED000EA08C /* MasterViewTVC.m in Sources */ = {isa = PBXBuildFile; fileRef = 330FBBCA16E976AC000EA08C /* MasterViewTVC.m */; };
		330FBBDA16E977FF000EA08C /* NetworkIndicatorHelper.m in Sources */ = {isa = PBXBuildFile; fileRef = 330FBBD916E977FE000EA08C /* NetworkIndicatorHelper.m */; };
		330FBBED16E989F7000EA08C /* FlickerPhotoSync.m in Sources */ = {isa = PBXBuildFile; fileRef = 330FBBEC16E989F7000EA08C /* FlickerPhotoSync.m */; };
		330FBBF016E98E1D000EA08C /* Tag+Create.m in Sources */ = {isa = PBXBuildFile; fileRef = 330FBBEF16E98E1D000EA08C /* Tag+Create.m */; };
		330FBBF316E99247000EA08C /* Photo+Create.m in Sources */ = {isa = PBXBuildFile; fileRef = 330FBBF216E99246000EA08C /* Photo+Create.m */; };
		333F3F4C16EE3D020063EDE6 /* PhotoCell.m in Sources */ = {isa = PBXBuildFile; fileRef = 333F3F4B16EE3D020063EDE6 /* PhotoCell.m */; };
		3343C5B616F01314008F7D9E /* PhotoTagMap+Create.m in Sources */ = {isa = PBXBuildFile; fileRef = 3343C5B516F01314008F7D9E /* PhotoTagMap+Create.m */; };
		33462E1A16EC48C50048CC65 /* NSString+FetchedGroupByString.m in Sources */ = {isa = PBXBuildFile; fileRef = 33462E1916EC48C50048CC65 /* NSString+FetchedGroupByString.m */; };
		33A8E58416EC7454008DB85D /* StoryboardiPad.storyboard in Resources */ = {isa = PBXBuildFile; fileRef = 33A8E58316EC7454008DB85D /* StoryboardiPad.storyboard */; };
		33A8E59016EC7914008DB85D /* MyUIManagedDocument.m in Sources */ = {isa = PBXBuildFile; fileRef = 33A8E58F16EC7914008DB85D /* MyUIManagedDocument.m */; };
		33AD3AF716EA8945000E2C9B /* TagTVC.m in Sources */ = {isa = PBXBuildFile; fileRef = 33AD3AF616EA8945000E2C9B /* TagTVC.m */; };
		33AD3AFA16EA8B8D000E2C9B /* StanfordTagTVC.m in Sources */ = {isa = PBXBuildFile; fileRef = 33AD3AF916EA8B8D000E2C9B /* StanfordTagTVC.m */; };
		33AD3AFD16EAD036000E2C9B /* PhotoListTVC.m in Sources */ = {isa = PBXBuildFile; fileRef = 33AD3AFC16EAD036000E2C9B /* PhotoListTVC.m */; };
		33AD3B0016EAD30A000E2C9B /* ImageViewController.m in Sources */ = {isa = PBXBuildFile; fileRef = 33AD3AFF16EAD30A000E2C9B /* ImageViewController.m */; };
		33AD3B0316EAD41A000E2C9B /* UIImage+FromURL.m in Sources */ = {isa = PBXBuildFile; fileRef = 33AD3B0216EAD419000E2C9B /* UIImage+FromURL.m */; };
		33AD3B0816EAD42F000E2C9B /* ImageFetcher.m in Sources */ = {isa = PBXBuildFile; fileRef = 33AD3B0516EAD42D000E2C9B /* ImageFetcher.m */; };
		33AD3B1216EADA39000E2C9B /* RecentPhotosTVC.m in Sources */ = {isa = PBXBuildFile; fileRef = 33AD3B1116EADA39000E2C9B /* RecentPhotosTVC.m */; };
		33AD3B1616EADC71000E2C9B /* placeholder.png in Resources */ = {isa = PBXBuildFile; fileRef = 33AD3B1416EADC71000E2C9B /* placeholder.png */; };
		33AD3B1716EADC71000E2C9B /* placeholder@2x.png in Resources */ = {isa = PBXBuildFile; fileRef = 33AD3B1516EADC71000E2C9B /* placeholder@2x.png */; };
		33BE832416EB97AC009DAD59 /* CoreDataTableViewController.m in Sources */ = {isa = PBXBuildFile; fileRef = 33BE832316EB97AC009DAD59 /* CoreDataTableViewController.m */; };
		33F1E16016F13BC3008431A8 /* PhotoTagMap.m in Sources */ = {isa = PBXBuildFile; fileRef = 33F1E15F16F13BC3008431A8 /* PhotoTagMap.m */; };
		BA57407816F0352000149634 /* PhotoDeleted+Create.m in Sources */ = {isa = PBXBuildFile; fileRef = BA57407716F0352000149634 /* PhotoDeleted+Create.m */; };
		BA57407B16F0364800149634 /* Photo.m in Sources */ = {isa = PBXBuildFile; fileRef = BA57407A16F0364800149634 /* Photo.m */; };
		BA57407E16F0364900149634 /* RecentPhoto.m in Sources */ = {isa = PBXBuildFile; fileRef = BA57407D16F0364900149634 /* RecentPhoto.m */; };
		BA57408116F0364A00149634 /* Tag.m in Sources */ = {isa = PBXBuildFile; fileRef = BA57408016F0364A00149634 /* Tag.m */; };
		BA57408716F0364B00149634 /* PhotoDeleted.m in Sources */ = {isa = PBXBuildFile; fileRef = BA57408616F0364B00149634 /* PhotoDeleted.m */; };
		BADDEAC516EBB56B004687A6 /* TagPhotoListTVC.m in Sources */ = {isa = PBXBuildFile; fileRef = BADDEAC416EBB56B004687A6 /* TagPhotoListTVC.m */; };
		BADDEAEF16EBC528004687A6 /* RecentPhoto+Create.m in Sources */ = {isa = PBXBuildFile; fileRef = BADDEAEE16EBC528004687A6 /* RecentPhoto+Create.m */; };
/* End PBXBuildFile section */

/* Begin PBXFileReference section */
		330FBB6F16E96BAB000EA08C /* CoreDataSPot.app */ = {isa = PBXFileReference; explicitFileType = wrapper.application; includeInIndex = 0; path = CoreDataSPot.app; sourceTree = BUILT_PRODUCTS_DIR; };
		330FBB7316E96BAB000EA08C /* UIKit.framework */ = {isa = PBXFileReference; lastKnownFileType = wrapper.framework; name = UIKit.framework; path = System/Library/Frameworks/UIKit.framework; sourceTree = SDKROOT; };
		330FBB7516E96BAB000EA08C /* Foundation.framework */ = {isa = PBXFileReference; lastKnownFileType = wrapper.framework; name = Foundation.framework; path = System/Library/Frameworks/Foundation.framework; sourceTree = SDKROOT; };
		330FBB7716E96BAB000EA08C /* CoreGraphics.framework */ = {isa = PBXFileReference; lastKnownFileType = wrapper.framework; name = CoreGraphics.framework; path = System/Library/Frameworks/CoreGraphics.framework; sourceTree = SDKROOT; };
		330FBB7B16E96BAB000EA08C /* CoreDataSPot-Info.plist */ = {isa = PBXFileReference; lastKnownFileType = text.plist.xml; path = "CoreDataSPot-Info.plist"; sourceTree = "<group>"; };
		330FBB7D16E96BAB000EA08C /* en */ = {isa = PBXFileReference; lastKnownFileType = text.plist.strings; name = en; path = en.lproj/InfoPlist.strings; sourceTree = "<group>"; };
		330FBB7F16E96BAB000EA08C /* main.m */ = {isa = PBXFileReference; lastKnownFileType = sourcecode.c.objc; path = main.m; sourceTree = "<group>"; };
		330FBB8116E96BAB000EA08C /* CoreDataSPot-Prefix.pch */ = {isa = PBXFileReference; lastKnownFileType = sourcecode.c.h; path = "CoreDataSPot-Prefix.pch"; sourceTree = "<group>"; };
		330FBB8216E96BAB000EA08C /* AppDelegate.h */ = {isa = PBXFileReference; lastKnownFileType = sourcecode.c.h; path = AppDelegate.h; sourceTree = "<group>"; };
		330FBB8316E96BAB000EA08C /* AppDelegate.m */ = {isa = PBXFileReference; lastKnownFileType = sourcecode.c.objc; path = AppDelegate.m; sourceTree = "<group>"; };
		330FBB8516E96BAB000EA08C /* Default.png */ = {isa = PBXFileReference; lastKnownFileType = image.png; path = Default.png; sourceTree = "<group>"; };
		330FBB8716E96BAB000EA08C /* Default@2x.png */ = {isa = PBXFileReference; lastKnownFileType = image.png; path = "Default@2x.png"; sourceTree = "<group>"; };
		330FBB8916E96BAB000EA08C /* Default-568h@2x.png */ = {isa = PBXFileReference; lastKnownFileType = image.png; path = "Default-568h@2x.png"; sourceTree = "<group>"; };
		330FBBA616E96CA5000EA08C /* FlickrAPIKey.h */ = {isa = PBXFileReference; fileEncoding = 4; lastKnownFileType = sourcecode.c.h; path = FlickrAPIKey.h; sourceTree = "<group>"; };
		330FBBA716E96CA5000EA08C /* FlickrFetcher.h */ = {isa = PBXFileReference; fileEncoding = 4; lastKnownFileType = sourcecode.c.h; path = FlickrFetcher.h; sourceTree = "<group>"; };
		330FBBA816E96CA5000EA08C /* FlickrFetcher.m */ = {isa = PBXFileReference; fileEncoding = 4; lastKnownFileType = sourcecode.c.objc; path = FlickrFetcher.m; sourceTree = "<group>"; };
		330FBBAA16E96D63000EA08C /* StoryboardiPhone.storyboard */ = {isa = PBXFileReference; fileEncoding = 4; lastKnownFileType = file.storyboard; path = StoryboardiPhone.storyboard; sourceTree = "<group>"; };
		330FBBAD16E96D80000EA08C /* Model.xcdatamodel */ = {isa = PBXFileReference; lastKnownFileType = wrapper.xcdatamodel; path = Model.xcdatamodel; sourceTree = "<group>"; };
		330FBBC416E97202000EA08C /* CoreData.framework */ = {isa = PBXFileReference; lastKnownFileType = wrapper.framework; name = CoreData.framework; path = System/Library/Frameworks/CoreData.framework; sourceTree = SDKROOT; };
		330FBBC616E9726A000EA08C /* CoreDataHelper.h */ = {isa = PBXFileReference; fileEncoding = 4; lastKnownFileType = sourcecode.c.h; name = CoreDataHelper.h; path = model/CoreDataHelper.h; sourceTree = "<group>"; };
		330FBBC716E9726A000EA08C /* CoreDataHelper.m */ = {isa = PBXFileReference; fileEncoding = 4; lastKnownFileType = sourcecode.c.objc; name = CoreDataHelper.m; path = model/CoreDataHelper.m; sourceTree = "<group>"; };
		330FBBC916E976AC000EA08C /* MasterViewTVC.h */ = {isa = PBXFileReference; lastKnownFileType = sourcecode.c.h; path = MasterViewTVC.h; sourceTree = "<group>"; };
		330FBBCA16E976AC000EA08C /* MasterViewTVC.m */ = {isa = PBXFileReference; lastKnownFileType = sourcecode.c.objc; path = MasterViewTVC.m; sourceTree = "<group>"; };
		330FBBD816E977FE000EA08C /* NetworkIndicatorHelper.h */ = {isa = PBXFileReference; fileEncoding = 4; lastKnownFileType = sourcecode.c.h; path = NetworkIndicatorHelper.h; sourceTree = "<group>"; };
		330FBBD916E977FE000EA08C /* NetworkIndicatorHelper.m */ = {isa = PBXFileReference; fileEncoding = 4; lastKnownFileType = sourcecode.c.objc; path = NetworkIndicatorHelper.m; sourceTree = "<group>"; };
		330FBBEB16E989F7000EA08C /* FlickerPhotoSync.h */ = {isa = PBXFileReference; fileEncoding = 4; lastKnownFileType = sourcecode.c.h; path = FlickerPhotoSync.h; sourceTree = "<group>"; };
		330FBBEC16E989F7000EA08C /* FlickerPhotoSync.m */ = {isa = PBXFileReference; fileEncoding = 4; lastKnownFileType = sourcecode.c.objc; path = FlickerPhotoSync.m; sourceTree = "<group>"; };
		330FBBEE16E98E1D000EA08C /* Tag+Create.h */ = {isa = PBXFileReference; fileEncoding = 4; lastKnownFileType = sourcecode.c.h; name = "Tag+Create.h"; path = "model/Tag+Create.h"; sourceTree = "<group>"; };
		330FBBEF16E98E1D000EA08C /* Tag+Create.m */ = {isa = PBXFileReference; fileEncoding = 4; lastKnownFileType = sourcecode.c.objc; name = "Tag+Create.m"; path = "model/Tag+Create.m"; sourceTree = "<group>"; };
		330FBBF116E99246000EA08C /* Photo+Create.h */ = {isa = PBXFileReference; fileEncoding = 4; lastKnownFileType = sourcecode.c.h; name = "Photo+Create.h"; path = "model/Photo+Create.h"; sourceTree = "<group>"; };
		330FBBF216E99246000EA08C /* Photo+Create.m */ = {isa = PBXFileReference; fileEncoding = 4; lastKnownFileType = sourcecode.c.objc; name = "Photo+Create.m"; path = "model/Photo+Create.m"; sourceTree = "<group>"; };
		333F3F4A16EE3D020063EDE6 /* PhotoCell.h */ = {isa = PBXFileReference; fileEncoding = 4; lastKnownFileType = sourcecode.c.h; path = PhotoCell.h; sourceTree = "<group>"; };
		333F3F4B16EE3D020063EDE6 /* PhotoCell.m */ = {isa = PBXFileReference; fileEncoding = 4; lastKnownFileType = sourcecode.c.objc; path = PhotoCell.m; sourceTree = "<group>"; };
		3343C5B416F01313008F7D9E /* PhotoTagMap+Create.h */ = {isa = PBXFileReference; fileEncoding = 4; lastKnownFileType = sourcecode.c.h; name = "PhotoTagMap+Create.h"; path = "model/PhotoTagMap+Create.h"; sourceTree = "<group>"; };
		3343C5B516F01314008F7D9E /* PhotoTagMap+Create.m */ = {isa = PBXFileReference; fileEncoding = 4; lastKnownFileType = sourcecode.c.objc; name = "PhotoTagMap+Create.m"; path = "model/PhotoTagMap+Create.m"; sourceTree = "<group>"; };
		33462E1816EC48C40048CC65 /* NSString+FetchedGroupByString.h */ = {isa = PBXFileReference; fileEncoding = 4; lastKnownFileType = sourcecode.c.h; path = "NSString+FetchedGroupByString.h"; sourceTree = "<group>"; };
		33462E1916EC48C50048CC65 /* NSString+FetchedGroupByString.m */ = {isa = PBXFileReference; fileEncoding = 4; lastKnownFileType = sourcecode.c.objc; path = "NSString+FetchedGroupByString.m"; sourceTree = "<group>"; };
		33A8E58316EC7454008DB85D /* StoryboardiPad.storyboard */ = {isa = PBXFileReference; fileEncoding = 4; lastKnownFileType = file.storyboard; path = StoryboardiPad.storyboard; sourceTree = "<group>"; };
		33A8E58E16EC7914008DB85D /* MyUIManagedDocument.h */ = {isa = PBXFileReference; fileEncoding = 4; lastKnownFileType = sourcecode.c.h; path = MyUIManagedDocument.h; sourceTree = "<group>"; };
		33A8E58F16EC7914008DB85D /* MyUIManagedDocument.m */ = {isa = PBXFileReference; fileEncoding = 4; lastKnownFileType = sourcecode.c.objc; path = MyUIManagedDocument.m; sourceTree = "<group>"; };
		33AD3AF516EA8945000E2C9B /* TagTVC.h */ = {isa = PBXFileReference; fileEncoding = 4; lastKnownFileType = sourcecode.c.h; path = TagTVC.h; sourceTree = "<group>"; };
		33AD3AF616EA8945000E2C9B /* TagTVC.m */ = {isa = PBXFileReference; fileEncoding = 4; lastKnownFileType = sourcecode.c.objc; path = TagTVC.m; sourceTree = "<group>"; };
		33AD3AF816EA8B8D000E2C9B /* StanfordTagTVC.h */ = {isa = PBXFileReference; fileEncoding = 4; lastKnownFileType = sourcecode.c.h; path = StanfordTagTVC.h; sourceTree = "<group>"; };
		33AD3AF916EA8B8D000E2C9B /* StanfordTagTVC.m */ = {isa = PBXFileReference; fileEncoding = 4; lastKnownFileType = sourcecode.c.objc; path = StanfordTagTVC.m; sourceTree = "<group>"; };
		33AD3AFB16EAD036000E2C9B /* PhotoListTVC.h */ = {isa = PBXFileReference; fileEncoding = 4; lastKnownFileType = sourcecode.c.h; path = PhotoListTVC.h; sourceTree = "<group>"; };
		33AD3AFC16EAD036000E2C9B /* PhotoListTVC.m */ = {isa = PBXFileReference; fileEncoding = 4; lastKnownFileType = sourcecode.c.objc; path = PhotoListTVC.m; sourceTree = "<group>"; };
		33AD3AFE16EAD30A000E2C9B /* ImageViewController.h */ = {isa = PBXFileReference; fileEncoding = 4; lastKnownFileType = sourcecode.c.h; path = ImageViewController.h; sourceTree = "<group>"; };
		33AD3AFF16EAD30A000E2C9B /* ImageViewController.m */ = {isa = PBXFileReference; fileEncoding = 4; lastKnownFileType = sourcecode.c.objc; path = ImageViewController.m; sourceTree = "<group>"; };
		33AD3B0116EAD419000E2C9B /* UIImage+FromURL.h */ = {isa = PBXFileReference; fileEncoding = 4; lastKnownFileType = sourcecode.c.h; path = "UIImage+FromURL.h"; sourceTree = "<group>"; };
		33AD3B0216EAD419000E2C9B /* UIImage+FromURL.m */ = {isa = PBXFileReference; fileEncoding = 4; lastKnownFileType = sourcecode.c.objc; path = "UIImage+FromURL.m"; sourceTree = "<group>"; };
		33AD3B0416EAD42D000E2C9B /* ImageFetcher.h */ = {isa = PBXFileReference; fileEncoding = 4; lastKnownFileType = sourcecode.c.h; path = ImageFetcher.h; sourceTree = "<group>"; };
		33AD3B0516EAD42D000E2C9B /* ImageFetcher.m */ = {isa = PBXFileReference; fileEncoding = 4; lastKnownFileType = sourcecode.c.objc; path = ImageFetcher.m; sourceTree = "<group>"; };
		33AD3B1016EADA39000E2C9B /* RecentPhotosTVC.h */ = {isa = PBXFileReference; fileEncoding = 4; lastKnownFileType = sourcecode.c.h; path = RecentPhotosTVC.h; sourceTree = "<group>"; };
		33AD3B1116EADA39000E2C9B /* RecentPhotosTVC.m */ = {isa = PBXFileReference; fileEncoding = 4; lastKnownFileType = sourcecode.c.objc; path = RecentPhotosTVC.m; sourceTree = "<group>"; };
		33AD3B1416EADC71000E2C9B /* placeholder.png */ = {isa = PBXFileReference; lastKnownFileType = image.png; path = placeholder.png; sourceTree = "<group>"; };
		33AD3B1516EADC71000E2C9B /* placeholder@2x.png */ = {isa = PBXFileReference; lastKnownFileType = image.png; path = "placeholder@2x.png"; sourceTree = "<group>"; };
		33BE832216EB97AC009DAD59 /* CoreDataTableViewController.h */ = {isa = PBXFileReference; fileEncoding = 4; lastKnownFileType = sourcecode.c.h; path = CoreDataTableViewController.h; sourceTree = "<group>"; };
		33BE832316EB97AC009DAD59 /* CoreDataTableViewController.m */ = {isa = PBXFileReference; fileEncoding = 4; lastKnownFileType = sourcecode.c.objc; path = CoreDataTableViewController.m; sourceTree = "<group>"; };
		33F1E15E16F13BC3008431A8 /* PhotoTagMap.h */ = {isa = PBXFileReference; fileEncoding = 4; lastKnownFileType = sourcecode.c.h; name = PhotoTagMap.h; path = model/PhotoTagMap.h; sourceTree = "<group>"; };
		33F1E15F16F13BC3008431A8 /* PhotoTagMap.m */ = {isa = PBXFileReference; fileEncoding = 4; lastKnownFileType = sourcecode.c.objc; name = PhotoTagMap.m; path = model/PhotoTagMap.m; sourceTree = "<group>"; };
		BA57407616F0352000149634 /* PhotoDeleted+Create.h */ = {isa = PBXFileReference; fileEncoding = 4; lastKnownFileType = sourcecode.c.h; name = "PhotoDeleted+Create.h"; path = "model/PhotoDeleted+Create.h"; sourceTree = "<group>"; };
		BA57407716F0352000149634 /* PhotoDeleted+Create.m */ = {isa = PBXFileReference; fileEncoding = 4; lastKnownFileType = sourcecode.c.objc; name = "PhotoDeleted+Create.m"; path = "model/PhotoDeleted+Create.m"; sourceTree = "<group>"; };
		BA57407916F0364700149634 /* Photo.h */ = {isa = PBXFileReference; fileEncoding = 4; lastKnownFileType = sourcecode.c.h; name = Photo.h; path = model/Photo.h; sourceTree = "<group>"; };
		BA57407A16F0364800149634 /* Photo.m */ = {isa = PBXFileReference; fileEncoding = 4; lastKnownFileType = sourcecode.c.objc; name = Photo.m; path = model/Photo.m; sourceTree = "<group>"; };
		BA57407C16F0364800149634 /* RecentPhoto.h */ = {isa = PBXFileReference; fileEncoding = 4; lastKnownFileType = sourcecode.c.h; name = RecentPhoto.h; path = model/RecentPhoto.h; sourceTree = "<group>"; };
		BA57407D16F0364900149634 /* RecentPhoto.m */ = {isa = PBXFileReference; fileEncoding = 4; lastKnownFileType = sourcecode.c.objc; name = RecentPhoto.m; path = model/RecentPhoto.m; sourceTree = "<group>"; };
		BA57407F16F0364A00149634 /* Tag.h */ = {isa = PBXFileReference; fileEncoding = 4; lastKnownFileType = sourcecode.c.h; name = Tag.h; path = model/Tag.h; sourceTree = "<group>"; };
		BA57408016F0364A00149634 /* Tag.m */ = {isa = PBXFileReference; fileEncoding = 4; lastKnownFileType = sourcecode.c.objc; name = Tag.m; path = model/Tag.m; sourceTree = "<group>"; };
		BA57408516F0364B00149634 /* PhotoDeleted.h */ = {isa = PBXFileReference; fileEncoding = 4; lastKnownFileType = sourcecode.c.h; name = PhotoDeleted.h; path = model/PhotoDeleted.h; sourceTree = "<group>"; };
		BA57408616F0364B00149634 /* PhotoDeleted.m */ = {isa = PBXFileReference; fileEncoding = 4; lastKnownFileType = sourcecode.c.objc; name = PhotoDeleted.m; path = model/PhotoDeleted.m; sourceTree = "<group>"; };
		BADDEAC316EBB56B004687A6 /* TagPhotoListTVC.h */ = {isa = PBXFileReference; fileEncoding = 4; lastKnownFileType = sourcecode.c.h; path = TagPhotoListTVC.h; sourceTree = "<group>"; };
		BADDEAC416EBB56B004687A6 /* TagPhotoListTVC.m */ = {isa = PBXFileReference; fileEncoding = 4; lastKnownFileType = sourcecode.c.objc; path = TagPhotoListTVC.m; sourceTree = "<group>"; };
		BADDEAED16EBC528004687A6 /* RecentPhoto+Create.h */ = {isa = PBXFileReference; fileEncoding = 4; lastKnownFileType = sourcecode.c.h; name = "RecentPhoto+Create.h"; path = "model/RecentPhoto+Create.h"; sourceTree = "<group>"; };
		BADDEAEE16EBC528004687A6 /* RecentPhoto+Create.m */ = {isa = PBXFileReference; fileEncoding = 4; lastKnownFileType = sourcecode.c.objc; name = "RecentPhoto+Create.m"; path = "model/RecentPhoto+Create.m"; sourceTree = "<group>"; };
/* End PBXFileReference section */

/* Begin PBXFrameworksBuildPhase section */
		330FBB6C16E96BAB000EA08C /* Frameworks */ = {
			isa = PBXFrameworksBuildPhase;
			buildActionMask = 2147483647;
			files = (
				330FBBC516E97202000EA08C /* CoreData.framework in Frameworks */,
				330FBB7416E96BAB000EA08C /* UIKit.framework in Frameworks */,
				330FBB7616E96BAB000EA08C /* Foundation.framework in Frameworks */,
				330FBB7816E96BAB000EA08C /* CoreGraphics.framework in Frameworks */,
			);
			runOnlyForDeploymentPostprocessing = 0;
		};
/* End PBXFrameworksBuildPhase section */

/* Begin PBXGroup section */
		330FBB6416E96BAB000EA08C = {
			isa = PBXGroup;
			children = (
				330FBB7916E96BAB000EA08C /* CoreDataSPot */,
				330FBB7216E96BAB000EA08C /* Frameworks */,
				330FBB7016E96BAB000EA08C /* Products */,
			);
			sourceTree = "<group>";
		};
		330FBB7016E96BAB000EA08C /* Products */ = {
			isa = PBXGroup;
			children = (
				330FBB6F16E96BAB000EA08C /* CoreDataSPot.app */,
			);
			name = Products;
			sourceTree = "<group>";
		};
		330FBB7216E96BAB000EA08C /* Frameworks */ = {
			isa = PBXGroup;
			children = (
				330FBBC416E97202000EA08C /* CoreData.framework */,
				330FBB7316E96BAB000EA08C /* UIKit.framework */,
				330FBB7516E96BAB000EA08C /* Foundation.framework */,
				330FBB7716E96BAB000EA08C /* CoreGraphics.framework */,
			);
			name = Frameworks;
			sourceTree = "<group>";
		};
		330FBB7916E96BAB000EA08C /* CoreDataSPot */ = {
			isa = PBXGroup;
			children = (
				33AD3B1316EADBE4000E2C9B /* image */,
				330FBBA516E96CA5000EA08C /* FlickrFetcher */,
				330FBBA416E96C8D000EA08C /* model */,
				33AD3B2716EB91FF000E2C9B /* core data */,
				330FBBA316E96C7E000EA08C /* controller */,
				33BE832116EB97AC009DAD59 /* CoreDataTableViewController */,
				330FBBA116E96C64000EA08C /* view */,
				330FBB7A16E96BAB000EA08C /* Supporting Files */,
			);
			path = CoreDataSPot;
			sourceTree = "<group>";
		};
		330FBB7A16E96BAB000EA08C /* Supporting Files */ = {
			isa = PBXGroup;
			children = (
				330FBB8216E96BAB000EA08C /* AppDelegate.h */,
				330FBB8316E96BAB000EA08C /* AppDelegate.m */,
				330FBB7B16E96BAB000EA08C /* CoreDataSPot-Info.plist */,
				330FBB7C16E96BAB000EA08C /* InfoPlist.strings */,
				330FBB7F16E96BAB000EA08C /* main.m */,
				330FBB8116E96BAB000EA08C /* CoreDataSPot-Prefix.pch */,
				330FBB8516E96BAB000EA08C /* Default.png */,
				330FBB8716E96BAB000EA08C /* Default@2x.png */,
				330FBB8916E96BAB000EA08C /* Default-568h@2x.png */,
			);
			name = "Supporting Files";
			sourceTree = "<group>";
		};
		330FBBA116E96C64000EA08C /* view */ = {
			isa = PBXGroup;
			children = (
				333F3F4A16EE3D020063EDE6 /* PhotoCell.h */,
				333F3F4B16EE3D020063EDE6 /* PhotoCell.m */,
				330FBBAA16E96D63000EA08C /* StoryboardiPhone.storyboard */,
				33A8E58316EC7454008DB85D /* StoryboardiPad.storyboard */,
			);
			path = view;
			sourceTree = "<group>";
		};
		330FBBA316E96C7E000EA08C /* controller */ = {
			isa = PBXGroup;
			children = (
				330FBBD816E977FE000EA08C /* NetworkIndicatorHelper.h */,
				330FBBD916E977FE000EA08C /* NetworkIndicatorHelper.m */,
				330FBBC916E976AC000EA08C /* MasterViewTVC.h */,
				330FBBCA16E976AC000EA08C /* MasterViewTVC.m */,
				33AD3AF516EA8945000E2C9B /* TagTVC.h */,
				33AD3AF616EA8945000E2C9B /* TagTVC.m */,
				33AD3AF816EA8B8D000E2C9B /* StanfordTagTVC.h */,
				33AD3AF916EA8B8D000E2C9B /* StanfordTagTVC.m */,
				33AD3AFB16EAD036000E2C9B /* PhotoListTVC.h */,
				33AD3AFC16EAD036000E2C9B /* PhotoListTVC.m */,
				BADDEAC316EBB56B004687A6 /* TagPhotoListTVC.h */,
				BADDEAC416EBB56B004687A6 /* TagPhotoListTVC.m */,
				33AD3B1016EADA39000E2C9B /* RecentPhotosTVC.h */,
				33AD3B1116EADA39000E2C9B /* RecentPhotosTVC.m */,
				33AD3AFE16EAD30A000E2C9B /* ImageViewController.h */,
				33AD3AFF16EAD30A000E2C9B /* ImageViewController.m */,
				33462E1816EC48C40048CC65 /* NSString+FetchedGroupByString.h */,
				33462E1916EC48C50048CC65 /* NSString+FetchedGroupByString.m */,
			);
			path = controller;
			sourceTree = "<group>";
		};
		330FBBA416E96C8D000EA08C /* model */ = {
			isa = PBXGroup;
			children = (
				33AD3B0416EAD42D000E2C9B /* ImageFetcher.h */,
				33AD3B0516EAD42D000E2C9B /* ImageFetcher.m */,
				33AD3B0116EAD419000E2C9B /* UIImage+FromURL.h */,
				33AD3B0216EAD419000E2C9B /* UIImage+FromURL.m */,
				330FBBEB16E989F7000EA08C /* FlickerPhotoSync.h */,
				330FBBEC16E989F7000EA08C /* FlickerPhotoSync.m */,
			);
			path = model;
			sourceTree = "<group>";
		};
		330FBBA516E96CA5000EA08C /* FlickrFetcher */ = {
			isa = PBXGroup;
			children = (
				330FBBA616E96CA5000EA08C /* FlickrAPIKey.h */,
				330FBBA716E96CA5000EA08C /* FlickrFetcher.h */,
				330FBBA816E96CA5000EA08C /* FlickrFetcher.m */,
			);
			path = FlickrFetcher;
			sourceTree = "<group>";
		};
		33AD3B1316EADBE4000E2C9B /* image */ = {
			isa = PBXGroup;
			children = (
				33AD3B1416EADC71000E2C9B /* placeholder.png */,
				33AD3B1516EADC71000E2C9B /* placeholder@2x.png */,
			);
			path = image;
			sourceTree = "<group>";
		};
		33AD3B2716EB91FF000E2C9B /* core data */ = {
			isa = PBXGroup;
			children = (
				33F1E15E16F13BC3008431A8 /* PhotoTagMap.h */,
				33F1E15F16F13BC3008431A8 /* PhotoTagMap.m */,
				330FBBAC16E96D80000EA08C /* Model.xcdatamodeld */,
				BA57408516F0364B00149634 /* PhotoDeleted.h */,
				BA57408616F0364B00149634 /* PhotoDeleted.m */,
				BA57407F16F0364A00149634 /* Tag.h */,
				BA57408016F0364A00149634 /* Tag.m */,
				BA57407C16F0364800149634 /* RecentPhoto.h */,
				BA57407D16F0364900149634 /* RecentPhoto.m */,
				BA57407916F0364700149634 /* Photo.h */,
				BA57407A16F0364800149634 /* Photo.m */,
				BA57407616F0352000149634 /* PhotoDeleted+Create.h */,
				BA57407716F0352000149634 /* PhotoDeleted+Create.m */,
				330FBBEE16E98E1D000EA08C /* Tag+Create.h */,
				330FBBEF16E98E1D000EA08C /* Tag+Create.m */,
				BADDEAED16EBC528004687A6 /* RecentPhoto+Create.h */,
				BADDEAEE16EBC528004687A6 /* RecentPhoto+Create.m */,
				330FBBF116E99246000EA08C /* Photo+Create.h */,
				330FBBF216E99246000EA08C /* Photo+Create.m */,
				3343C5B416F01313008F7D9E /* PhotoTagMap+Create.h */,
				3343C5B516F01314008F7D9E /* PhotoTagMap+Create.m */,
				330FBBC616E9726A000EA08C /* CoreDataHelper.h */,
				330FBBC716E9726A000EA08C /* CoreDataHelper.m */,
				33A8E58E16EC7914008DB85D /* MyUIManagedDocument.h */,
				33A8E58F16EC7914008DB85D /* MyUIManagedDocument.m */,
			);
			name = "core data";
			sourceTree = "<group>";
		};
		33BE832116EB97AC009DAD59 /* CoreDataTableViewController */ = {
			isa = PBXGroup;
			children = (
				33BE832216EB97AC009DAD59 /* CoreDataTableViewController.h */,
				33BE832316EB97AC009DAD59 /* CoreDataTableViewController.m */,
			);
			path = CoreDataTableViewController;
			sourceTree = "<group>";
		};
/* End PBXGroup section */

/* Begin PBXNativeTarget section */
		330FBB6E16E96BAB000EA08C /* CoreDataSPot */ = {
			isa = PBXNativeTarget;
			buildConfigurationList = 330FBB9616E96BAB000EA08C /* Build configuration list for PBXNativeTarget "CoreDataSPot" */;
			buildPhases = (
				330FBB6B16E96BAB000EA08C /* Sources */,
				330FBB6C16E96BAB000EA08C /* Frameworks */,
				330FBB6D16E96BAB000EA08C /* Resources */,
				333266A516EBA26200DBCE95 /* ShellScript */,
			);
			buildRules = (
			);
			dependencies = (
			);
			name = CoreDataSPot;
			productName = CoreDataSPot;
			productReference = 330FBB6F16E96BAB000EA08C /* CoreDataSPot.app */;
			productType = "com.apple.product-type.application";
		};
/* End PBXNativeTarget section */

/* Begin PBXProject section */
		330FBB6616E96BAB000EA08C /* Project object */ = {
			isa = PBXProject;
			attributes = {
				LastUpgradeCheck = 0450;
				ORGANIZATIONNAME = Pyrogusto;
			};
			buildConfigurationList = 330FBB6916E96BAB000EA08C /* Build configuration list for PBXProject "CoreDataSPot" */;
			compatibilityVersion = "Xcode 3.2";
			developmentRegion = English;
			hasScannedForEncodings = 0;
			knownRegions = (
				en,
			);
			mainGroup = 330FBB6416E96BAB000EA08C;
			productRefGroup = 330FBB7016E96BAB000EA08C /* Products */;
			projectDirPath = "";
			projectRoot = "";
			targets = (
				330FBB6E16E96BAB000EA08C /* CoreDataSPot */,
			);
		};
/* End PBXProject section */

/* Begin PBXResourcesBuildPhase section */
		330FBB6D16E96BAB000EA08C /* Resources */ = {
			isa = PBXResourcesBuildPhase;
			buildActionMask = 2147483647;
			files = (
				330FBB7E16E96BAB000EA08C /* InfoPlist.strings in Resources */,
				330FBB8616E96BAB000EA08C /* Default.png in Resources */,
				330FBB8816E96BAB000EA08C /* Default@2x.png in Resources */,
				330FBB8A16E96BAB000EA08C /* Default-568h@2x.png in Resources */,
				330FBBAB16E96D63000EA08C /* StoryboardiPhone.storyboard in Resources */,
				33AD3B1616EADC71000E2C9B /* placeholder.png in Resources */,
				33AD3B1716EADC71000E2C9B /* placeholder@2x.png in Resources */,
				33A8E58416EC7454008DB85D /* StoryboardiPad.storyboard in Resources */,
			);
			runOnlyForDeploymentPostprocessing = 0;
		};
/* End PBXResourcesBuildPhase section */

/* Begin PBXShellScriptBuildPhase section */
		333266A516EBA26200DBCE95 /* ShellScript */ = {
			isa = PBXShellScriptBuildPhase;
			buildActionMask = 2147483647;
			files = (
			);
			inputPaths = (
			);
			outputPaths = (
			);
			runOnlyForDeploymentPostprocessing = 0;
			shellPath = /bin/sh;
			shellScript = "KEYWORDS=\"TODO:|FIXME:|\\?\\?\\?:|\\!\\!\\!:\"\nfind \"${SRCROOT}\" \\( -name \"*.h\" -or -name \"*.m\" \\) -print0 | xargs -0 egrep --with-filename --line-number --only-matching \"($KEYWORDS).*\\$\" | perl -p -e \"s/($KEYWORDS)/ warning: \\$1/\"";
		};
/* End PBXShellScriptBuildPhase section */

/* Begin PBXSourcesBuildPhase section */
		330FBB6B16E96BAB000EA08C /* Sources */ = {
			isa = PBXSourcesBuildPhase;
			buildActionMask = 2147483647;
			files = (
				330FBB8016E96BAB000EA08C /* main.m in Sources */,
				330FBB8416E96BAB000EA08C /* AppDelegate.m in Sources */,
				330FBBA916E96CA5000EA08C /* FlickrFetcher.m in Sources */,
				330FBBAE16E96D80000EA08C /* Model.xcdatamodeld in Sources */,
				330FBBC816E9726A000EA08C /* CoreDataHelper.m in Sources */,
				330FBBD716E977ED000EA08C /* MasterViewTVC.m in Sources */,
				330FBBDA16E977FF000EA08C /* NetworkIndicatorHelper.m in Sources */,
				330FBBED16E989F7000EA08C /* FlickerPhotoSync.m in Sources */,
				330FBBF016E98E1D000EA08C /* Tag+Create.m in Sources */,
				330FBBF316E99247000EA08C /* Photo+Create.m in Sources */,
				33AD3AF716EA8945000E2C9B /* TagTVC.m in Sources */,
				33AD3AFA16EA8B8D000E2C9B /* StanfordTagTVC.m in Sources */,
				33AD3AFD16EAD036000E2C9B /* PhotoListTVC.m in Sources */,
				33AD3B0016EAD30A000E2C9B /* ImageViewController.m in Sources */,
				33AD3B0316EAD41A000E2C9B /* UIImage+FromURL.m in Sources */,
				33AD3B0816EAD42F000E2C9B /* ImageFetcher.m in Sources */,
				33AD3B1216EADA39000E2C9B /* RecentPhotosTVC.m in Sources */,
				33BE832416EB97AC009DAD59 /* CoreDataTableViewController.m in Sources */,
				BADDEAC516EBB56B004687A6 /* TagPhotoListTVC.m in Sources */,
				BADDEAEF16EBC528004687A6 /* RecentPhoto+Create.m in Sources */,
				33462E1A16EC48C50048CC65 /* NSString+FetchedGroupByString.m in Sources */,
				33A8E59016EC7914008DB85D /* MyUIManagedDocument.m in Sources */,
				333F3F4C16EE3D020063EDE6 /* PhotoCell.m in Sources */,
				3343C5B616F01314008F7D9E /* PhotoTagMap+Create.m in Sources */,
				BA57407816F0352000149634 /* PhotoDeleted+Create.m in Sources */,
				BA57407B16F0364800149634 /* Photo.m in Sources */,
				BA57407E16F0364900149634 /* RecentPhoto.m in Sources */,
				BA57408116F0364A00149634 /* Tag.m in Sources */,
				BA57408716F0364B00149634 /* PhotoDeleted.m in Sources */,
				33F1E16016F13BC3008431A8 /* PhotoTagMap.m in Sources */,
			);
			runOnlyForDeploymentPostprocessing = 0;
		};
/* End PBXSourcesBuildPhase section */

/* Begin PBXVariantGroup section */
		330FBB7C16E96BAB000EA08C /* InfoPlist.strings */ = {
			isa = PBXVariantGroup;
			children = (
				330FBB7D16E96BAB000EA08C /* en */,
			);
			name = InfoPlist.strings;
			sourceTree = "<group>";
		};
/* End PBXVariantGroup section */

/* Begin XCBuildConfiguration section */
		330FBB9416E96BAB000EA08C /* Debug */ = {
			isa = XCBuildConfiguration;
			buildSettings = {
				ALWAYS_SEARCH_USER_PATHS = NO;
				CLANG_CXX_LANGUAGE_STANDARD = "gnu++0x";
				CLANG_CXX_LIBRARY = "libc++";
				CLANG_ENABLE_OBJC_ARC = YES;
				CLANG_WARN_EMPTY_BODY = YES;
				CLANG_WARN__DUPLICATE_METHOD_MATCH = YES;
				"CODE_SIGN_IDENTITY[sdk=iphoneos*]" = "iPhone Developer";
				COPY_PHASE_STRIP = NO;
				GCC_C_LANGUAGE_STANDARD = gnu99;
				GCC_DYNAMIC_NO_PIC = NO;
				GCC_OPTIMIZATION_LEVEL = 0;
				GCC_PREPROCESSOR_DEFINITIONS = (
					"DEBUG=1",
					"$(inherited)",
				);
				GCC_SYMBOLS_PRIVATE_EXTERN = NO;
				GCC_WARN_ABOUT_RETURN_TYPE = YES;
				GCC_WARN_UNINITIALIZED_AUTOS = YES;
				GCC_WARN_UNUSED_VARIABLE = YES;
				IPHONEOS_DEPLOYMENT_TARGET = 6.0;
				ONLY_ACTIVE_ARCH = YES;
				SDKROOT = iphoneos;
				TARGETED_DEVICE_FAMILY = "1,2";
			};
			name = Debug;
		};
		330FBB9516E96BAB000EA08C /* Release */ = {
			isa = XCBuildConfiguration;
			buildSettings = {
				ALWAYS_SEARCH_USER_PATHS = NO;
				CLANG_CXX_LANGUAGE_STANDARD = "gnu++0x";
				CLANG_CXX_LIBRARY = "libc++";
				CLANG_ENABLE_OBJC_ARC = YES;
				CLANG_WARN_EMPTY_BODY = YES;
				CLANG_WARN__DUPLICATE_METHOD_MATCH = YES;
				"CODE_SIGN_IDENTITY[sdk=iphoneos*]" = "iPhone Developer";
				COPY_PHASE_STRIP = YES;
				GCC_C_LANGUAGE_STANDARD = gnu99;
				GCC_WARN_ABOUT_RETURN_TYPE = YES;
				GCC_WARN_UNINITIALIZED_AUTOS = YES;
				GCC_WARN_UNUSED_VARIABLE = YES;
				IPHONEOS_DEPLOYMENT_TARGET = 6.0;
				OTHER_CFLAGS = "-DNS_BLOCK_ASSERTIONS=1";
				SDKROOT = iphoneos;
				TARGETED_DEVICE_FAMILY = "1,2";
				VALIDATE_PRODUCT = YES;
			};
			name = Release;
		};
		330FBB9716E96BAB000EA08C /* Debug */ = {
			isa = XCBuildConfiguration;
			buildSettings = {
				GCC_PRECOMPILE_PREFIX_HEADER = YES;
				GCC_PREFIX_HEADER = "CoreDataSPot/CoreDataSPot-Prefix.pch";
				INFOPLIST_FILE = "CoreDataSPot/CoreDataSPot-Info.plist";
				PRODUCT_NAME = "$(TARGET_NAME)";
				WRAPPER_EXTENSION = app;
			};
			name = Debug;
		};
		330FBB9816E96BAB000EA08C /* Release */ = {
			isa = XCBuildConfiguration;
			buildSettings = {
				GCC_PRECOMPILE_PREFIX_HEADER = YES;
				GCC_PREFIX_HEADER = "CoreDataSPot/CoreDataSPot-Prefix.pch";
				INFOPLIST_FILE = "CoreDataSPot/CoreDataSPot-Info.plist";
				PRODUCT_NAME = "$(TARGET_NAME)";
				WRAPPER_EXTENSION = app;
			};
			name = Release;
		};
/* End XCBuildConfiguration section */

/* Begin XCConfigurationList section */
		330FBB6916E96BAB000EA08C /* Build configuration list for PBXProject "CoreDataSPot" */ = {
			isa = XCConfigurationList;
			buildConfigurations = (
				330FBB9416E96BAB000EA08C /* Debug */,
				330FBB9516E96BAB000EA08C /* Release */,
			);
			defaultConfigurationIsVisible = 0;
			defaultConfigurationName = Release;
		};
		330FBB9616E96BAB000EA08C /* Build configuration list for PBXNativeTarget "CoreDataSPot" */ = {
			isa = XCConfigurationList;
			buildConfigurations = (
				330FBB9716E96BAB000EA08C /* Debug */,
				330FBB9816E96BAB000EA08C /* Release */,
			);
			defaultConfigurationIsVisible = 0;
			defaultConfigurationName = Release;
		};
/* End XCConfigurationList section */

/* Begin XCVersionGroup section */
		330FBBAC16E96D80000EA08C /* Model.xcdatamodeld */ = {
			isa = XCVersionGroup;
			children = (
				330FBBAD16E96D80000EA08C /* Model.xcdatamodel */,
			);
			currentVersion = 330FBBAD16E96D80000EA08C /* Model.xcdatamodel */;
			name = Model.xcdatamodeld;
			path = model/Model.xcdatamodeld;
			sourceTree = "<group>";
			versionGroupType = wrapper.xcdatamodel;
		};
/* End XCVersionGroup section */
	};
	rootObject = 330FBB6616E96BAB000EA08C /* Project object */;
}
